
Microsoft Visual Studio Solution File, Format Version 12.00
# Visual Studio 15
VisualStudioVersion = 15.0.28307.271
MinimumVisualStudioVersion = 10.0.40219.1
Project("{FAE04EC0-301F-11D3-BF4B-00C04F79EFBC}") = "BitMEXWebsocketConnected", "BitMEXWebsocketConnected\BitMEXWebsocketConnected.csproj", "{E27C52D2-7EC1-4DED-BEC8-5D770F9A4806}"
EndProject
Global
	GlobalSection(SolutionConfigurationPlatforms) = preSolution
		Debug|Any CPU = Debug|Any CPU
		Release|Any CPU = Release|Any CPU
	EndGlobalSection
	GlobalSection(ProjectConfigurationPlatforms) = postSolution
		{E27C52D2-7EC1-4DED-BEC8-5D770F9A4806}.Debug|Any CPU.ActiveCfg = Debug|Any CPU
		{E27C52D2-7EC1-4DED-BEC8-5D770F9A4806}.Debug|Any CPU.Build.0 = Debug|Any CPU
		{E27C52D2-7EC1-4DED-BEC8-5D770F9A4806}.Release|Any CPU.ActiveCfg = Release|Any CPU
		{E27C52D2-7EC1-4DED-BEC8-5D770F9A4806}.Release|Any CPU.Build.0 = Release|Any CPU
	EndGlobalSection
	GlobalSection(SolutionProperties) = preSolution
		HideSolutionNode = FALSE
	EndGlobalSection
	GlobalSection(ExtensibilityGlobals) = postSolution
		SolutionGuid = {99099B89-010C-4031-93A9-5B10AA8CFDB1}
	EndGlobalSection
EndGlobal
